
Microsoft Visual Studio Solution File, Format Version 12.00
# Visual Studio 15
VisualStudioVersion = 15.0.28307.572
MinimumVisualStudioVersion = 10.0.40219.1
Project("{FAE04EC0-301F-11D3-BF4B-00C04F79EFBC}") = "Foundation", "Foundation.csproj", "{2A139DCD-07D8-435F-97D5-A04019F553DC}"
EndProject
Global
	GlobalSection(SolutionConfigurationPlatforms) = preSolution
		Debug|Any CPU = Debug|Any CPU
		Release|Any CPU = Release|Any CPU
	EndGlobalSection
	GlobalSection(ProjectConfigurationPlatforms) = postSolution
		{2A139DCD-07D8-435F-97D5-A04019F553DC}.Debug|Any CPU.ActiveCfg = Debug|Any CPU
		{2A139DCD-07D8-435F-97D5-A04019F553DC}.Debug|Any CPU.Build.0 = Debug|Any CPU
		{2A139DCD-07D8-435F-97D5-A04019F553DC}.Release|Any CPU.ActiveCfg = Release|Any CPU
		{2A139DCD-07D8-435F-97D5-A04019F553DC}.Release|Any CPU.Build.0 = Release|Any CPU
	EndGlobalSection
	GlobalSection(SolutionProperties) = preSolution
		HideSolutionNode = FALSE
	EndGlobalSection
	GlobalSection(ExtensibilityGlobals) = postSolution
		SolutionGuid = {87B758D0-7C2C-456A-B6BF-1780A1A307BA}
	EndGlobalSection
EndGlobal
